// !$*UTF8*$!
{
	archiveVersion = 1;
	classes = {
	};
	objectVersion = 46;
	objects = {

/* Begin PBXBuildFile section */
		CB159B3219AFA4C0004B4B45 /* AppIcon.png in Resources */ = {isa = PBXBuildFile; fileRef = CB159B3119AFA4C0004B4B45 /* AppIcon.png */; };
		CB27AE6418D33FCB001C65B5 /* TerraPlanetTexture01.png in Resources */ = {isa = PBXBuildFile; fileRef = CB27AE6118D33FCB001C65B5 /* TerraPlanetTexture01.png */; };
		CB27AE6518D33FCB001C65B5 /* TerraPlanetTexture02.png in Resources */ = {isa = PBXBuildFile; fileRef = CB27AE6218D33FCB001C65B5 /* TerraPlanetTexture02.png */; };
		CB27AE6618D33FCB001C65B5 /* TerraPlanetTexture03.png in Resources */ = {isa = PBXBuildFile; fileRef = CB27AE6318D33FCB001C65B5 /* TerraPlanetTexture03.png */; };
		CB27AE6A18D35180001C65B5 /* MoltenPlanetTexture01.png in Resources */ = {isa = PBXBuildFile; fileRef = CB27AE6718D35180001C65B5 /* MoltenPlanetTexture01.png */; };
		CB27AE6B18D35180001C65B5 /* MoltenPlanetTexture02.png in Resources */ = {isa = PBXBuildFile; fileRef = CB27AE6818D35180001C65B5 /* MoltenPlanetTexture02.png */; };
		CB27AE6C18D35180001C65B5 /* MoltenPlanetTexture03.png in Resources */ = {isa = PBXBuildFile; fileRef = CB27AE6918D35180001C65B5 /* MoltenPlanetTexture03.png */; };
		CB2A1A3818B565A300B36AA1 /* SPACESystem.m in Sources */ = {isa = PBXBuildFile; fileRef = CB2A1A3718B565A300B36AA1 /* SPACESystem.m */; };
		CB3A0D6F18D48E6A00E3D1F7 /* SPACEHUD.m in Sources */ = {isa = PBXBuildFile; fileRef = CB3A0D6E18D48E6A00E3D1F7 /* SPACEHUD.m */; };
		CB3A0D7318D4AC4400E3D1F7 /* MoonPlanetTexture01.png in Resources */ = {isa = PBXBuildFile; fileRef = CB3A0D7018D4AC4400E3D1F7 /* MoonPlanetTexture01.png */; };
		CB3A0D7418D4AC4400E3D1F7 /* MoonPlanetTexture02.png in Resources */ = {isa = PBXBuildFile; fileRef = CB3A0D7118D4AC4400E3D1F7 /* MoonPlanetTexture02.png */; };
		CB3A0D7518D4AC4400E3D1F7 /* MoonPlanetTexture03.png in Resources */ = {isa = PBXBuildFile; fileRef = CB3A0D7218D4AC4400E3D1F7 /* MoonPlanetTexture03.png */; };
		CB47C27D18A0328A00D0F466 /* SPACEShip.m in Sources */ = {isa = PBXBuildFile; fileRef = CB47C27C18A0328A00D0F466 /* SPACEShip.m */; };
		CB47C27F18A033ED00D0F466 /* Laser.png in Resources */ = {isa = PBXBuildFile; fileRef = CB47C27E18A033ED00D0F466 /* Laser.png */; };
		CB4830F718DB94DD00A5657A /* SPACERadarNode.m in Sources */ = {isa = PBXBuildFile; fileRef = CB4830F618DB94DD00A5657A /* SPACERadarNode.m */; };
		CB5A06B41A43142800F8BCD9 /* SPACEShipPart.m in Sources */ = {isa = PBXBuildFile; fileRef = CB5A06B31A43142800F8BCD9 /* SPACEShipPart.m */; };
		CB5AC00019A77D8400722962 /* Explosion.png in Resources */ = {isa = PBXBuildFile; fileRef = CB5ABFFE19A77D8400722962 /* Explosion.png */; };
		CB5AC00119A77D8400722962 /* Healthbar.png in Resources */ = {isa = PBXBuildFile; fileRef = CB5ABFFF19A77D8400722962 /* Healthbar.png */; };
		CB5AC00419A7C15A00722962 /* SPACEStat.m in Sources */ = {isa = PBXBuildFile; fileRef = CB5AC00319A7C15A00722962 /* SPACEStat.m */; };
		CB93C45F18D39151008D90FE /* Missile.png in Resources */ = {isa = PBXBuildFile; fileRef = CB93C45E18D39151008D90FE /* Missile.png */; };
		CBA2394E18A27C8100351847 /* SPACEStellarBody.m in Sources */ = {isa = PBXBuildFile; fileRef = CBA2394D18A27C8100351847 /* SPACEStellarBody.m */; };
		CBC0C0711899A615005E2507 /* Cocoa.framework in Frameworks */ = {isa = PBXBuildFile; fileRef = CBC0C0701899A615005E2507 /* Cocoa.framework */; };
		CBC0C0731899A615005E2507 /* SpriteKit.framework in Frameworks */ = {isa = PBXBuildFile; fileRef = CBC0C0721899A615005E2507 /* SpriteKit.framework */; };
		CBC0C07D1899A615005E2507 /* InfoPlist.strings in Resources */ = {isa = PBXBuildFile; fileRef = CBC0C07B1899A615005E2507 /* InfoPlist.strings */; };
		CBC0C07F1899A615005E2507 /* main.m in Sources */ = {isa = PBXBuildFile; fileRef = CBC0C07E1899A615005E2507 /* main.m */; };
		CBC0C0831899A615005E2507 /* Credits.rtf in Resources */ = {isa = PBXBuildFile; fileRef = CBC0C0811899A615005E2507 /* Credits.rtf */; };
		CBC0C0851899A615005E2507 /* MainMenu.xib in Resources */ = {isa = PBXBuildFile; fileRef = CBC0C0841899A615005E2507 /* MainMenu.xib */; };
		CBC0C0871899A615005E2507 /* SPACEMyScene.m in Sources */ = {isa = PBXBuildFile; fileRef = CBC0C0861899A615005E2507 /* SPACEMyScene.m */; };
		CBC0C08A1899A615005E2507 /* SPACEAppDelegate.m in Sources */ = {isa = PBXBuildFile; fileRef = CBC0C0891899A615005E2507 /* SPACEAppDelegate.m */; };
		CBC0C08D1899A615005E2507 /* Spaceship.png in Resources */ = {isa = PBXBuildFile; fileRef = CBC0C08C1899A615005E2507 /* Spaceship.png */; };
		CBC0C08F1899A615005E2507 /* Images.xcassets in Resources */ = {isa = PBXBuildFile; fileRef = CBC0C08E1899A615005E2507 /* Images.xcassets */; };
		CBC0C0961899A615005E2507 /* XCTest.framework in Frameworks */ = {isa = PBXBuildFile; fileRef = CBC0C0951899A615005E2507 /* XCTest.framework */; };
		CBC0C0971899A615005E2507 /* Cocoa.framework in Frameworks */ = {isa = PBXBuildFile; fileRef = CBC0C0701899A615005E2507 /* Cocoa.framework */; };
		CBC0C09F1899A615005E2507 /* InfoPlist.strings in Resources */ = {isa = PBXBuildFile; fileRef = CBC0C09D1899A615005E2507 /* InfoPlist.strings */; };
		CBC0C0A11899A615005E2507 /* SpaceTests.m in Sources */ = {isa = PBXBuildFile; fileRef = CBC0C0A01899A615005E2507 /* SpaceTests.m */; };
		CBDF5D90193A667E00CC0BBA /* SPACEFaction.m in Sources */ = {isa = PBXBuildFile; fileRef = CBDF5D8F193A667E00CC0BBA /* SPACEFaction.m */; };
		CBE2F8A818D28237005B8B25 /* GasPlanetTexture01.png in Resources */ = {isa = PBXBuildFile; fileRef = CBE2F8A518D28237005B8B25 /* GasPlanetTexture01.png */; };
		CBE2F8A918D28237005B8B25 /* GasPlanetTexture02.png in Resources */ = {isa = PBXBuildFile; fileRef = CBE2F8A618D28237005B8B25 /* GasPlanetTexture02.png */; };
		CBE2F8AA18D28237005B8B25 /* GasPlanetTexture03.png in Resources */ = {isa = PBXBuildFile; fileRef = CBE2F8A718D28237005B8B25 /* GasPlanetTexture03.png */; };
		CBFA00AE18B7BA5800E743B6 /* SPACEFunction.m in Sources */ = {isa = PBXBuildFile; fileRef = CBFA00AD18B7BA5800E743B6 /* SPACEFunction.m */; };
		D41A625118D3AD950065B6D0 /* SPACEProjectile.m in Sources */ = {isa = PBXBuildFile; fileRef = D41A625018D3AD950065B6D0 /* SPACEProjectile.m */; };
		D41A625818D499520065B6D0 /* SPACEOrbit.m in Sources */ = {isa = PBXBuildFile; fileRef = D41A625718D499520065B6D0 /* SPACEOrbit.m */; };
		D47912CC18D2134F00015495 /* SPACEStar.m in Sources */ = {isa = PBXBuildFile; fileRef = D47912CB18D2134F00015495 /* SPACEStar.m */; };
		D47912CF18D21FB200015495 /* SPACEPlanet.m in Sources */ = {isa = PBXBuildFile; fileRef = D47912CE18D21FB200015495 /* SPACEPlanet.m */; };
/* End PBXBuildFile section */

/* Begin PBXContainerItemProxy section */
		CBC0C0981899A615005E2507 /* PBXContainerItemProxy */ = {
			isa = PBXContainerItemProxy;
			containerPortal = CBC0C0651899A615005E2507 /* Project object */;
			proxyType = 1;
			remoteGlobalIDString = CBC0C06C1899A615005E2507;
			remoteInfo = Space;
		};
/* End PBXContainerItemProxy section */

/* Begin PBXFileReference section */
		CB159B3119AFA4C0004B4B45 /* AppIcon.png */ = {isa = PBXFileReference; lastKnownFileType = image.png; name = AppIcon.png; path = Images/AppIcon.png; sourceTree = SOURCE_ROOT; };
		CB27AE6118D33FCB001C65B5 /* TerraPlanetTexture01.png */ = {isa = PBXFileReference; lastKnownFileType = image.png; name = TerraPlanetTexture01.png; path = Images/TerraPlanetTexture01.png; sourceTree = SOURCE_ROOT; };
		CB27AE6218D33FCB001C65B5 /* TerraPlanetTexture02.png */ = {isa = PBXFileReference; lastKnownFileType = image.png; name = TerraPlanetTexture02.png; path = Images/TerraPlanetTexture02.png; sourceTree = SOURCE_ROOT; };
		CB27AE6318D33FCB001C65B5 /* TerraPlanetTexture03.png */ = {isa = PBXFileReference; lastKnownFileType = image.png; name = TerraPlanetTexture03.png; path = Images/TerraPlanetTexture03.png; sourceTree = SOURCE_ROOT; };
		CB27AE6718D35180001C65B5 /* MoltenPlanetTexture01.png */ = {isa = PBXFileReference; lastKnownFileType = image.png; name = MoltenPlanetTexture01.png; path = Images/MoltenPlanetTexture01.png; sourceTree = SOURCE_ROOT; };
		CB27AE6818D35180001C65B5 /* MoltenPlanetTexture02.png */ = {isa = PBXFileReference; lastKnownFileType = image.png; name = MoltenPlanetTexture02.png; path = Images/MoltenPlanetTexture02.png; sourceTree = SOURCE_ROOT; };
		CB27AE6918D35180001C65B5 /* MoltenPlanetTexture03.png */ = {isa = PBXFileReference; lastKnownFileType = image.png; name = MoltenPlanetTexture03.png; path = Images/MoltenPlanetTexture03.png; sourceTree = SOURCE_ROOT; };
		CB2A1A3618B565A300B36AA1 /* SPACESystem.h */ = {isa = PBXFileReference; fileEncoding = 4; lastKnownFileType = sourcecode.c.h; path = SPACESystem.h; sourceTree = "<group>"; };
		CB2A1A3718B565A300B36AA1 /* SPACESystem.m */ = {isa = PBXFileReference; fileEncoding = 4; lastKnownFileType = sourcecode.c.objc; path = SPACESystem.m; sourceTree = "<group>"; };
		CB3A0D6D18D48E6A00E3D1F7 /* SPACEHUD.h */ = {isa = PBXFileReference; fileEncoding = 4; lastKnownFileType = sourcecode.c.h; path = SPACEHUD.h; sourceTree = "<group>"; };
		CB3A0D6E18D48E6A00E3D1F7 /* SPACEHUD.m */ = {isa = PBXFileReference; fileEncoding = 4; lastKnownFileType = sourcecode.c.objc; path = SPACEHUD.m; sourceTree = "<group>"; };
		CB3A0D7018D4AC4400E3D1F7 /* MoonPlanetTexture01.png */ = {isa = PBXFileReference; lastKnownFileType = image.png; name = MoonPlanetTexture01.png; path = Images/MoonPlanetTexture01.png; sourceTree = SOURCE_ROOT; };
		CB3A0D7118D4AC4400E3D1F7 /* MoonPlanetTexture02.png */ = {isa = PBXFileReference; lastKnownFileType = image.png; name = MoonPlanetTexture02.png; path = Images/MoonPlanetTexture02.png; sourceTree = SOURCE_ROOT; };
		CB3A0D7218D4AC4400E3D1F7 /* MoonPlanetTexture03.png */ = {isa = PBXFileReference; lastKnownFileType = image.png; name = MoonPlanetTexture03.png; path = Images/MoonPlanetTexture03.png; sourceTree = SOURCE_ROOT; };
		CB47C27B18A0328A00D0F466 /* SPACEShip.h */ = {isa = PBXFileReference; fileEncoding = 4; lastKnownFileType = sourcecode.c.h; path = SPACEShip.h; sourceTree = "<group>"; };
		CB47C27C18A0328A00D0F466 /* SPACEShip.m */ = {isa = PBXFileReference; fileEncoding = 4; lastKnownFileType = sourcecode.c.objc; path = SPACEShip.m; sourceTree = "<group>"; };
		CB47C27E18A033ED00D0F466 /* Laser.png */ = {isa = PBXFileReference; lastKnownFileType = image.png; name = Laser.png; path = Images/Laser.png; sourceTree = SOURCE_ROOT; };
		CB4830F518DB94DD00A5657A /* SPACERadarNode.h */ = {isa = PBXFileReference; fileEncoding = 4; lastKnownFileType = sourcecode.c.h; path = SPACERadarNode.h; sourceTree = "<group>"; };
		CB4830F618DB94DD00A5657A /* SPACERadarNode.m */ = {isa = PBXFileReference; fileEncoding = 4; lastKnownFileType = sourcecode.c.objc; path = SPACERadarNode.m; sourceTree = "<group>"; };
		CB5A06B21A43142800F8BCD9 /* SPACEShipPart.h */ = {isa = PBXFileReference; fileEncoding = 4; lastKnownFileType = sourcecode.c.h; path = SPACEShipPart.h; sourceTree = "<group>"; };
		CB5A06B31A43142800F8BCD9 /* SPACEShipPart.m */ = {isa = PBXFileReference; fileEncoding = 4; lastKnownFileType = sourcecode.c.objc; path = SPACEShipPart.m; sourceTree = "<group>"; };
		CB5ABFFE19A77D8400722962 /* Explosion.png */ = {isa = PBXFileReference; lastKnownFileType = image.png; name = Explosion.png; path = Images/Explosion.png; sourceTree = SOURCE_ROOT; };
		CB5ABFFF19A77D8400722962 /* Healthbar.png */ = {isa = PBXFileReference; lastKnownFileType = image.png; name = Healthbar.png; path = Images/Healthbar.png; sourceTree = SOURCE_ROOT; };
		CB5AC00219A7C15A00722962 /* SPACEStat.h */ = {isa = PBXFileReference; fileEncoding = 4; lastKnownFileType = sourcecode.c.h; path = SPACEStat.h; sourceTree = "<group>"; };
		CB5AC00319A7C15A00722962 /* SPACEStat.m */ = {isa = PBXFileReference; fileEncoding = 4; lastKnownFileType = sourcecode.c.objc; path = SPACEStat.m; sourceTree = "<group>"; };
		CB93C45E18D39151008D90FE /* Missile.png */ = {isa = PBXFileReference; lastKnownFileType = image.png; name = Missile.png; path = Images/Missile.png; sourceTree = SOURCE_ROOT; };
		CBA2394C18A27C8100351847 /* SPACEStellarBody.h */ = {isa = PBXFileReference; fileEncoding = 4; lastKnownFileType = sourcecode.c.h; path = SPACEStellarBody.h; sourceTree = "<group>"; };
		CBA2394D18A27C8100351847 /* SPACEStellarBody.m */ = {isa = PBXFileReference; fileEncoding = 4; lastKnownFileType = sourcecode.c.objc; path = SPACEStellarBody.m; sourceTree = "<group>"; };
		CBC0C06D1899A615005E2507 /* Space.app */ = {isa = PBXFileReference; explicitFileType = wrapper.application; includeInIndex = 0; path = Space.app; sourceTree = BUILT_PRODUCTS_DIR; };
		CBC0C0701899A615005E2507 /* Cocoa.framework */ = {isa = PBXFileReference; lastKnownFileType = wrapper.framework; name = Cocoa.framework; path = System/Library/Frameworks/Cocoa.framework; sourceTree = SDKROOT; };
		CBC0C0721899A615005E2507 /* SpriteKit.framework */ = {isa = PBXFileReference; lastKnownFileType = wrapper.framework; name = SpriteKit.framework; path = System/Library/Frameworks/SpriteKit.framework; sourceTree = SDKROOT; };
		CBC0C0751899A615005E2507 /* AppKit.framework */ = {isa = PBXFileReference; lastKnownFileType = wrapper.framework; name = AppKit.framework; path = System/Library/Frameworks/AppKit.framework; sourceTree = SDKROOT; };
		CBC0C0761899A615005E2507 /* CoreData.framework */ = {isa = PBXFileReference; lastKnownFileType = wrapper.framework; name = CoreData.framework; path = System/Library/Frameworks/CoreData.framework; sourceTree = SDKROOT; };
		CBC0C0771899A615005E2507 /* Foundation.framework */ = {isa = PBXFileReference; lastKnownFileType = wrapper.framework; name = Foundation.framework; path = System/Library/Frameworks/Foundation.framework; sourceTree = SDKROOT; };
		CBC0C07A1899A615005E2507 /* Space-Info.plist */ = {isa = PBXFileReference; lastKnownFileType = text.plist.xml; path = "Space-Info.plist"; sourceTree = "<group>"; };
		CBC0C07C1899A615005E2507 /* en */ = {isa = PBXFileReference; lastKnownFileType = text.plist.strings; name = en; path = en.lproj/InfoPlist.strings; sourceTree = "<group>"; };
		CBC0C07E1899A615005E2507 /* main.m */ = {isa = PBXFileReference; lastKnownFileType = sourcecode.c.objc; path = main.m; sourceTree = "<group>"; };
		CBC0C0801899A615005E2507 /* Space-Prefix.pch */ = {isa = PBXFileReference; lastKnownFileType = sourcecode.c.h; path = "Space-Prefix.pch"; sourceTree = "<group>"; };
		CBC0C0821899A615005E2507 /* en */ = {isa = PBXFileReference; lastKnownFileType = text.rtf; name = en; path = en.lproj/Credits.rtf; sourceTree = "<group>"; };
		CBC0C0841899A615005E2507 /* MainMenu.xib */ = {isa = PBXFileReference; lastKnownFileType = file.xib; path = MainMenu.xib; sourceTree = "<group>"; };
		CBC0C0861899A615005E2507 /* SPACEMyScene.m */ = {isa = PBXFileReference; lastKnownFileType = sourcecode.c.objc; path = SPACEMyScene.m; sourceTree = "<group>"; };
		CBC0C0881899A615005E2507 /* SPACEMyScene.h */ = {isa = PBXFileReference; lastKnownFileType = sourcecode.c.h; path = SPACEMyScene.h; sourceTree = "<group>"; };
		CBC0C0891899A615005E2507 /* SPACEAppDelegate.m */ = {isa = PBXFileReference; lastKnownFileType = sourcecode.c.objc; path = SPACEAppDelegate.m; sourceTree = "<group>"; };
		CBC0C08B1899A615005E2507 /* SPACEAppDelegate.h */ = {isa = PBXFileReference; lastKnownFileType = sourcecode.c.h; path = SPACEAppDelegate.h; sourceTree = "<group>"; };
		CBC0C08C1899A615005E2507 /* Spaceship.png */ = {isa = PBXFileReference; lastKnownFileType = image.png; path = Spaceship.png; sourceTree = "<group>"; };
		CBC0C08E1899A615005E2507 /* Images.xcassets */ = {isa = PBXFileReference; lastKnownFileType = folder.assetcatalog; path = Images.xcassets; sourceTree = "<group>"; };
		CBC0C0941899A615005E2507 /* SpaceTests.xctest */ = {isa = PBXFileReference; explicitFileType = wrapper.cfbundle; includeInIndex = 0; path = SpaceTests.xctest; sourceTree = BUILT_PRODUCTS_DIR; };
		CBC0C0951899A615005E2507 /* XCTest.framework */ = {isa = PBXFileReference; lastKnownFileType = wrapper.framework; name = XCTest.framework; path = Library/Frameworks/XCTest.framework; sourceTree = DEVELOPER_DIR; };
		CBC0C09C1899A615005E2507 /* SpaceTests-Info.plist */ = {isa = PBXFileReference; lastKnownFileType = text.plist.xml; path = "SpaceTests-Info.plist"; sourceTree = "<group>"; };
		CBC0C09E1899A615005E2507 /* en */ = {isa = PBXFileReference; lastKnownFileType = text.plist.strings; name = en; path = en.lproj/InfoPlist.strings; sourceTree = "<group>"; };
		CBC0C0A01899A615005E2507 /* SpaceTests.m */ = {isa = PBXFileReference; lastKnownFileType = sourcecode.c.objc; path = SpaceTests.m; sourceTree = "<group>"; };
		CBDF5D8E193A667E00CC0BBA /* SPACEFaction.h */ = {isa = PBXFileReference; fileEncoding = 4; lastKnownFileType = sourcecode.c.h; path = SPACEFaction.h; sourceTree = "<group>"; };
		CBDF5D8F193A667E00CC0BBA /* SPACEFaction.m */ = {isa = PBXFileReference; fileEncoding = 4; lastKnownFileType = sourcecode.c.objc; path = SPACEFaction.m; sourceTree = "<group>"; };
		CBE2F8A518D28237005B8B25 /* GasPlanetTexture01.png */ = {isa = PBXFileReference; lastKnownFileType = image.png; name = GasPlanetTexture01.png; path = Images/GasPlanetTexture01.png; sourceTree = SOURCE_ROOT; };
		CBE2F8A618D28237005B8B25 /* GasPlanetTexture02.png */ = {isa = PBXFileReference; lastKnownFileType = image.png; name = GasPlanetTexture02.png; path = Images/GasPlanetTexture02.png; sourceTree = SOURCE_ROOT; };
		CBE2F8A718D28237005B8B25 /* GasPlanetTexture03.png */ = {isa = PBXFileReference; lastKnownFileType = image.png; name = GasPlanetTexture03.png; path = Images/GasPlanetTexture03.png; sourceTree = SOURCE_ROOT; };
		CBFA00AC18B7BA5800E743B6 /* SPACEFunction.h */ = {isa = PBXFileReference; fileEncoding = 4; lastKnownFileType = sourcecode.c.h; path = SPACEFunction.h; sourceTree = "<group>"; };
		CBFA00AD18B7BA5800E743B6 /* SPACEFunction.m */ = {isa = PBXFileReference; fileEncoding = 4; lastKnownFileType = sourcecode.c.objc; path = SPACEFunction.m; sourceTree = "<group>"; };
		D41A624F18D3AD950065B6D0 /* SPACEProjectile.h */ = {isa = PBXFileReference; fileEncoding = 4; lastKnownFileType = sourcecode.c.h; path = SPACEProjectile.h; sourceTree = "<group>"; };
		D41A625018D3AD950065B6D0 /* SPACEProjectile.m */ = {isa = PBXFileReference; fileEncoding = 4; lastKnownFileType = sourcecode.c.objc; path = SPACEProjectile.m; sourceTree = "<group>"; };
		D41A625218D3CEBF0065B6D0 /* SPACEDefines.h */ = {isa = PBXFileReference; fileEncoding = 4; lastKnownFileType = sourcecode.c.h; path = SPACEDefines.h; sourceTree = "<group>"; };
		D41A625618D499520065B6D0 /* SPACEOrbit.h */ = {isa = PBXFileReference; fileEncoding = 4; lastKnownFileType = sourcecode.c.h; path = SPACEOrbit.h; sourceTree = "<group>"; };
		D41A625718D499520065B6D0 /* SPACEOrbit.m */ = {isa = PBXFileReference; fileEncoding = 4; lastKnownFileType = sourcecode.c.objc; path = SPACEOrbit.m; sourceTree = "<group>"; };
		D47912CA18D2134F00015495 /* SPACEStar.h */ = {isa = PBXFileReference; fileEncoding = 4; lastKnownFileType = sourcecode.c.h; path = SPACEStar.h; sourceTree = "<group>"; };
		D47912CB18D2134F00015495 /* SPACEStar.m */ = {isa = PBXFileReference; fileEncoding = 4; lastKnownFileType = sourcecode.c.objc; path = SPACEStar.m; sourceTree = "<group>"; };
		D47912CD18D21FB200015495 /* SPACEPlanet.h */ = {isa = PBXFileReference; fileEncoding = 4; lastKnownFileType = sourcecode.c.h; path = SPACEPlanet.h; sourceTree = "<group>"; };
		D47912CE18D21FB200015495 /* SPACEPlanet.m */ = {isa = PBXFileReference; fileEncoding = 4; lastKnownFileType = sourcecode.c.objc; path = SPACEPlanet.m; sourceTree = "<group>"; };
		D47912D018D26BDE00015495 /* SPACEBarycentre.h */ = {isa = PBXFileReference; fileEncoding = 4; lastKnownFileType = sourcecode.c.h; path = SPACEBarycentre.h; sourceTree = "<group>"; };
/* End PBXFileReference section */

/* Begin PBXFrameworksBuildPhase section */
		CBC0C06A1899A615005E2507 /* Frameworks */ = {
			isa = PBXFrameworksBuildPhase;
			buildActionMask = 2147483647;
			files = (
				CBC0C0731899A615005E2507 /* SpriteKit.framework in Frameworks */,
				CBC0C0711899A615005E2507 /* Cocoa.framework in Frameworks */,
			);
			runOnlyForDeploymentPostprocessing = 0;
		};
		CBC0C0911899A615005E2507 /* Frameworks */ = {
			isa = PBXFrameworksBuildPhase;
			buildActionMask = 2147483647;
			files = (
				CBC0C0971899A615005E2507 /* Cocoa.framework in Frameworks */,
				CBC0C0961899A615005E2507 /* XCTest.framework in Frameworks */,
			);
			runOnlyForDeploymentPostprocessing = 0;
		};
/* End PBXFrameworksBuildPhase section */

/* Begin PBXGroup section */
		CB27AE6E18D361CC001C65B5 /* PlanetTextures */ = {
			isa = PBXGroup;
			children = (
				CBE2F8A518D28237005B8B25 /* GasPlanetTexture01.png */,
				CBE2F8A618D28237005B8B25 /* GasPlanetTexture02.png */,
				CBE2F8A718D28237005B8B25 /* GasPlanetTexture03.png */,
				CB27AE6118D33FCB001C65B5 /* TerraPlanetTexture01.png */,
				CB27AE6218D33FCB001C65B5 /* TerraPlanetTexture02.png */,
				CB27AE6318D33FCB001C65B5 /* TerraPlanetTexture03.png */,
				CB27AE6718D35180001C65B5 /* MoltenPlanetTexture01.png */,
				CB27AE6818D35180001C65B5 /* MoltenPlanetTexture02.png */,
				CB27AE6918D35180001C65B5 /* MoltenPlanetTexture03.png */,
				CB3A0D7018D4AC4400E3D1F7 /* MoonPlanetTexture01.png */,
				CB3A0D7118D4AC4400E3D1F7 /* MoonPlanetTexture02.png */,
				CB3A0D7218D4AC4400E3D1F7 /* MoonPlanetTexture03.png */,
			);
			name = PlanetTextures;
			sourceTree = "<group>";
		};
		CB4830F418DB948E00A5657A /* HUD */ = {
			isa = PBXGroup;
			children = (
				CB3A0D6D18D48E6A00E3D1F7 /* SPACEHUD.h */,
				CB3A0D6E18D48E6A00E3D1F7 /* SPACEHUD.m */,
				CB4830F518DB94DD00A5657A /* SPACERadarNode.h */,
				CB4830F618DB94DD00A5657A /* SPACERadarNode.m */,
			);
			name = HUD;
			sourceTree = "<group>";
		};
		CB8919DD1A408088009FB8CF /* Ships */ = {
			isa = PBXGroup;
			children = (
				CB47C27B18A0328A00D0F466 /* SPACEShip.h */,
				CB47C27C18A0328A00D0F466 /* SPACEShip.m */,
				CB5AC00219A7C15A00722962 /* SPACEStat.h */,
				CB5AC00319A7C15A00722962 /* SPACEStat.m */,
				CBDF5D8E193A667E00CC0BBA /* SPACEFaction.h */,
				CBDF5D8F193A667E00CC0BBA /* SPACEFaction.m */,
				D41A624F18D3AD950065B6D0 /* SPACEProjectile.h */,
				D41A625018D3AD950065B6D0 /* SPACEProjectile.m */,
				CB5A06B21A43142800F8BCD9 /* SPACEShipPart.h */,
				CB5A06B31A43142800F8BCD9 /* SPACEShipPart.m */,
			);
			name = Ships;
			sourceTree = "<group>";
		};
		CBAF1FC0189AA82B00F747FD /* Graphics */ = {
			isa = PBXGroup;
			children = (
				CB27AE6E18D361CC001C65B5 /* PlanetTextures */,
				CB47C27E18A033ED00D0F466 /* Laser.png */,
				CB93C45E18D39151008D90FE /* Missile.png */,
				CB5ABFFE19A77D8400722962 /* Explosion.png */,
				CB5ABFFF19A77D8400722962 /* Healthbar.png */,
				CB159B3119AFA4C0004B4B45 /* AppIcon.png */,
			);
			name = Graphics;
			sourceTree = "<group>";
		};
		CBC0C0641899A615005E2507 = {
			isa = PBXGroup;
			children = (
				CBC0C0781899A615005E2507 /* Space */,
				CBC0C09A1899A615005E2507 /* SpaceTests */,
				CBC0C06F1899A615005E2507 /* Frameworks */,
				CBC0C06E1899A615005E2507 /* Products */,
			);
			sourceTree = "<group>";
		};
		CBC0C06E1899A615005E2507 /* Products */ = {
			isa = PBXGroup;
			children = (
				CBC0C06D1899A615005E2507 /* Space.app */,
				CBC0C0941899A615005E2507 /* SpaceTests.xctest */,
			);
			name = Products;
			sourceTree = "<group>";
		};
		CBC0C06F1899A615005E2507 /* Frameworks */ = {
			isa = PBXGroup;
			children = (
				CBC0C0701899A615005E2507 /* Cocoa.framework */,
				CBC0C0721899A615005E2507 /* SpriteKit.framework */,
				CBC0C0951899A615005E2507 /* XCTest.framework */,
				CBC0C0741899A615005E2507 /* Other Frameworks */,
			);
			name = Frameworks;
			sourceTree = "<group>";
		};
		CBC0C0741899A615005E2507 /* Other Frameworks */ = {
			isa = PBXGroup;
			children = (
				CBC0C0751899A615005E2507 /* AppKit.framework */,
				CBC0C0761899A615005E2507 /* CoreData.framework */,
				CBC0C0771899A615005E2507 /* Foundation.framework */,
			);
			name = "Other Frameworks";
			sourceTree = "<group>";
		};
		CBC0C0781899A615005E2507 /* Space */ = {
			isa = PBXGroup;
			children = (
				CBC0C0841899A615005E2507 /* MainMenu.xib */,
				CBC0C0881899A615005E2507 /* SPACEMyScene.h */,
				CBC0C0861899A615005E2507 /* SPACEMyScene.m */,
				CB8919DD1A408088009FB8CF /* Ships */,
				D41A624E18D3AD6C0065B6D0 /* Star systems */,
				CB4830F418DB948E00A5657A /* HUD */,
				CBFA00AC18B7BA5800E743B6 /* SPACEFunction.h */,
				CBFA00AD18B7BA5800E743B6 /* SPACEFunction.m */,
				D41A625218D3CEBF0065B6D0 /* SPACEDefines.h */,
				CBC0C08B1899A615005E2507 /* SPACEAppDelegate.h */,
				CBC0C0891899A615005E2507 /* SPACEAppDelegate.m */,
				CBC0C08C1899A615005E2507 /* Spaceship.png */,
				CBAF1FC0189AA82B00F747FD /* Graphics */,
				CBC0C08E1899A615005E2507 /* Images.xcassets */,
				CBC0C0791899A615005E2507 /* Supporting Files */,
			);
			path = Space;
			sourceTree = "<group>";
		};
		CBC0C0791899A615005E2507 /* Supporting Files */ = {
			isa = PBXGroup;
			children = (
				CBC0C07A1899A615005E2507 /* Space-Info.plist */,
				CBC0C07B1899A615005E2507 /* InfoPlist.strings */,
				CBC0C07E1899A615005E2507 /* main.m */,
				CBC0C0801899A615005E2507 /* Space-Prefix.pch */,
				CBC0C0811899A615005E2507 /* Credits.rtf */,
			);
			name = "Supporting Files";
			sourceTree = "<group>";
		};
		CBC0C09A1899A615005E2507 /* SpaceTests */ = {
			isa = PBXGroup;
			children = (
				CBC0C0A01899A615005E2507 /* SpaceTests.m */,
				CBC0C09B1899A615005E2507 /* Supporting Files */,
			);
			path = SpaceTests;
			sourceTree = "<group>";
		};
		CBC0C09B1899A615005E2507 /* Supporting Files */ = {
			isa = PBXGroup;
			children = (
				CBC0C09C1899A615005E2507 /* SpaceTests-Info.plist */,
				CBC0C09D1899A615005E2507 /* InfoPlist.strings */,
			);
			name = "Supporting Files";
			sourceTree = "<group>";
		};
		D41A624E18D3AD6C0065B6D0 /* Star systems */ = {
			isa = PBXGroup;
			children = (
				CBA2394C18A27C8100351847 /* SPACEStellarBody.h */,
				CBA2394D18A27C8100351847 /* SPACEStellarBody.m */,
				D47912CA18D2134F00015495 /* SPACEStar.h */,
				D47912CB18D2134F00015495 /* SPACEStar.m */,
				D47912CD18D21FB200015495 /* SPACEPlanet.h */,
				D47912CE18D21FB200015495 /* SPACEPlanet.m */,
				CB2A1A3618B565A300B36AA1 /* SPACESystem.h */,
				CB2A1A3718B565A300B36AA1 /* SPACESystem.m */,
				D47912D018D26BDE00015495 /* SPACEBarycentre.h */,
				D41A625618D499520065B6D0 /* SPACEOrbit.h */,
				D41A625718D499520065B6D0 /* SPACEOrbit.m */,
			);
			name = "Star systems";
			sourceTree = "<group>";
		};
/* End PBXGroup section */

/* Begin PBXNativeTarget section */
		CBC0C06C1899A615005E2507 /* Space */ = {
			isa = PBXNativeTarget;
			buildConfigurationList = CBC0C0A41899A615005E2507 /* Build configuration list for PBXNativeTarget "Space" */;
			buildPhases = (
				CBC0C0691899A615005E2507 /* Sources */,
				CBC0C06A1899A615005E2507 /* Frameworks */,
				CBC0C06B1899A615005E2507 /* Resources */,
			);
			buildRules = (
			);
			dependencies = (
			);
			name = Space;
			productName = Space;
			productReference = CBC0C06D1899A615005E2507 /* Space.app */;
			productType = "com.apple.product-type.application";
		};
		CBC0C0931899A615005E2507 /* SpaceTests */ = {
			isa = PBXNativeTarget;
			buildConfigurationList = CBC0C0A71899A615005E2507 /* Build configuration list for PBXNativeTarget "SpaceTests" */;
			buildPhases = (
				CBC0C0901899A615005E2507 /* Sources */,
				CBC0C0911899A615005E2507 /* Frameworks */,
				CBC0C0921899A615005E2507 /* Resources */,
			);
			buildRules = (
			);
			dependencies = (
				CBC0C0991899A615005E2507 /* PBXTargetDependency */,
			);
			name = SpaceTests;
			productName = SpaceTests;
			productReference = CBC0C0941899A615005E2507 /* SpaceTests.xctest */;
			productType = "com.apple.product-type.bundle.unit-test";
		};
/* End PBXNativeTarget section */

/* Begin PBXProject section */
		CBC0C0651899A615005E2507 /* Project object */ = {
			isa = PBXProject;
			attributes = {
				CLASSPREFIX = SPACE;
				LastUpgradeCheck = 0500;
				ORGANIZATIONNAME = "[pixelmonster]";
				TargetAttributes = {
					CBC0C0931899A615005E2507 = {
						TestTargetID = CBC0C06C1899A615005E2507;
					};
				};
			};
			buildConfigurationList = CBC0C0681899A615005E2507 /* Build configuration list for PBXProject "Space" */;
			compatibilityVersion = "Xcode 3.2";
			developmentRegion = English;
			hasScannedForEncodings = 0;
			knownRegions = (
				en,
			);
			mainGroup = CBC0C0641899A615005E2507;
			productRefGroup = CBC0C06E1899A615005E2507 /* Products */;
			projectDirPath = "";
			projectRoot = "";
			targets = (
				CBC0C06C1899A615005E2507 /* Space */,
				CBC0C0931899A615005E2507 /* SpaceTests */,
			);
		};
/* End PBXProject section */

/* Begin PBXResourcesBuildPhase section */
		CBC0C06B1899A615005E2507 /* Resources */ = {
			isa = PBXResourcesBuildPhase;
			buildActionMask = 2147483647;
			files = (
				CBE2F8A818D28237005B8B25 /* GasPlanetTexture01.png in Resources */,
				CB3A0D7318D4AC4400E3D1F7 /* MoonPlanetTexture01.png in Resources */,
				CB27AE6A18D35180001C65B5 /* MoltenPlanetTexture01.png in Resources */,
				CB3A0D7518D4AC4400E3D1F7 /* MoonPlanetTexture03.png in Resources */,
				CB47C27F18A033ED00D0F466 /* Laser.png in Resources */,
				CB3A0D7418D4AC4400E3D1F7 /* MoonPlanetTexture02.png in Resources */,
				CBC0C08D1899A615005E2507 /* Spaceship.png in Resources */,
				CB5AC00019A77D8400722962 /* Explosion.png in Resources */,
				CBC0C08F1899A615005E2507 /* Images.xcassets in Resources */,
				CB159B3219AFA4C0004B4B45 /* AppIcon.png in Resources */,
				CB27AE6618D33FCB001C65B5 /* TerraPlanetTexture03.png in Resources */,
				CB27AE6C18D35180001C65B5 /* MoltenPlanetTexture03.png in Resources */,
				CB5AC00119A77D8400722962 /* Healthbar.png in Resources */,
				CBE2F8AA18D28237005B8B25 /* GasPlanetTexture03.png in Resources */,
				CB27AE6B18D35180001C65B5 /* MoltenPlanetTexture02.png in Resources */,
				CBC0C07D1899A615005E2507 /* InfoPlist.strings in Resources */,
				CBE2F8A918D28237005B8B25 /* GasPlanetTexture02.png in Resources */,
				CBC0C0831899A615005E2507 /* Credits.rtf in Resources */,
				CB93C45F18D39151008D90FE /* Missile.png in Resources */,
				CB27AE6418D33FCB001C65B5 /* TerraPlanetTexture01.png in Resources */,
				CB27AE6518D33FCB001C65B5 /* TerraPlanetTexture02.png in Resources */,
				CBC0C0851899A615005E2507 /* MainMenu.xib in Resources */,
			);
			runOnlyForDeploymentPostprocessing = 0;
		};
		CBC0C0921899A615005E2507 /* Resources */ = {
			isa = PBXResourcesBuildPhase;
			buildActionMask = 2147483647;
			files = (
				CBC0C09F1899A615005E2507 /* InfoPlist.strings in Resources */,
			);
			runOnlyForDeploymentPostprocessing = 0;
		};
/* End PBXResourcesBuildPhase section */

/* Begin PBXSourcesBuildPhase section */
		CBC0C0691899A615005E2507 /* Sources */ = {
			isa = PBXSourcesBuildPhase;
			buildActionMask = 2147483647;
			files = (
				CB4830F718DB94DD00A5657A /* SPACERadarNode.m in Sources */,
				CB5A06B41A43142800F8BCD9 /* SPACEShipPart.m in Sources */,
				CB3A0D6F18D48E6A00E3D1F7 /* SPACEHUD.m in Sources */,
				D41A625818D499520065B6D0 /* SPACEOrbit.m in Sources */,
				CBDF5D90193A667E00CC0BBA /* SPACEFaction.m in Sources */,
				CBC0C07F1899A615005E2507 /* main.m in Sources */,
				CBFA00AE18B7BA5800E743B6 /* SPACEFunction.m in Sources */,
				D47912CF18D21FB200015495 /* SPACEPlanet.m in Sources */,
				CBC0C08A1899A615005E2507 /* SPACEAppDelegate.m in Sources */,
				CBA2394E18A27C8100351847 /* SPACEStellarBody.m in Sources */,
				D47912CC18D2134F00015495 /* SPACEStar.m in Sources */,
				CB2A1A3818B565A300B36AA1 /* SPACESystem.m in Sources */,
				CB47C27D18A0328A00D0F466 /* SPACEShip.m in Sources */,
				CB5AC00419A7C15A00722962 /* SPACEStat.m in Sources */,
				CBC0C0871899A615005E2507 /* SPACEMyScene.m in Sources */,
				D41A625118D3AD950065B6D0 /* SPACEProjectile.m in Sources */,
			);
			runOnlyForDeploymentPostprocessing = 0;
		};
		CBC0C0901899A615005E2507 /* Sources */ = {
			isa = PBXSourcesBuildPhase;
			buildActionMask = 2147483647;
			files = (
				CBC0C0A11899A615005E2507 /* SpaceTests.m in Sources */,
			);
			runOnlyForDeploymentPostprocessing = 0;
		};
/* End PBXSourcesBuildPhase section */

/* Begin PBXTargetDependency section */
		CBC0C0991899A615005E2507 /* PBXTargetDependency */ = {
			isa = PBXTargetDependency;
			target = CBC0C06C1899A615005E2507 /* Space */;
			targetProxy = CBC0C0981899A615005E2507 /* PBXContainerItemProxy */;
		};
/* End PBXTargetDependency section */

/* Begin PBXVariantGroup section */
		CBC0C07B1899A615005E2507 /* InfoPlist.strings */ = {
			isa = PBXVariantGroup;
			children = (
				CBC0C07C1899A615005E2507 /* en */,
			);
			name = InfoPlist.strings;
			sourceTree = "<group>";
		};
		CBC0C0811899A615005E2507 /* Credits.rtf */ = {
			isa = PBXVariantGroup;
			children = (
				CBC0C0821899A615005E2507 /* en */,
			);
			name = Credits.rtf;
			sourceTree = "<group>";
		};
		CBC0C09D1899A615005E2507 /* InfoPlist.strings */ = {
			isa = PBXVariantGroup;
			children = (
				CBC0C09E1899A615005E2507 /* en */,
			);
			name = InfoPlist.strings;
			sourceTree = "<group>";
		};
/* End PBXVariantGroup section */

/* Begin XCBuildConfiguration section */
		CBC0C0A21899A615005E2507 /* Debug */ = {
			isa = XCBuildConfiguration;
			buildSettings = {
				ALWAYS_SEARCH_USER_PATHS = NO;
				CLANG_CXX_LANGUAGE_STANDARD = "gnu++0x";
				CLANG_CXX_LIBRARY = "libc++";
				CLANG_ENABLE_OBJC_ARC = YES;
				CLANG_WARN_BOOL_CONVERSION = YES;
				CLANG_WARN_CONSTANT_CONVERSION = YES;
				CLANG_WARN_DIRECT_OBJC_ISA_USAGE = YES_ERROR;
				CLANG_WARN_EMPTY_BODY = YES;
				CLANG_WARN_ENUM_CONVERSION = YES;
				CLANG_WARN_INT_CONVERSION = YES;
				CLANG_WARN_OBJC_ROOT_CLASS = YES_ERROR;
				CLANG_WARN__DUPLICATE_METHOD_MATCH = YES;
				COPY_PHASE_STRIP = NO;
				GCC_C_LANGUAGE_STANDARD = gnu99;
				GCC_DYNAMIC_NO_PIC = NO;
				GCC_ENABLE_OBJC_EXCEPTIONS = YES;
				GCC_OPTIMIZATION_LEVEL = 0;
				GCC_PREPROCESSOR_DEFINITIONS = (
					"DEBUG=1",
					"$(inherited)",
				);
				GCC_SYMBOLS_PRIVATE_EXTERN = NO;
				GCC_WARN_64_TO_32_BIT_CONVERSION = YES;
				GCC_WARN_ABOUT_RETURN_TYPE = YES_ERROR;
				GCC_WARN_UNDECLARED_SELECTOR = YES;
				GCC_WARN_UNINITIALIZED_AUTOS = YES;
				GCC_WARN_UNUSED_FUNCTION = YES;
				GCC_WARN_UNUSED_VARIABLE = YES;
				MACOSX_DEPLOYMENT_TARGET = 10.9;
				ONLY_ACTIVE_ARCH = YES;
				SDKROOT = macosx;
			};
			name = Debug;
		};
		CBC0C0A31899A615005E2507 /* Release */ = {
			isa = XCBuildConfiguration;
			buildSettings = {
				ALWAYS_SEARCH_USER_PATHS = NO;
				CLANG_CXX_LANGUAGE_STANDARD = "gnu++0x";
				CLANG_CXX_LIBRARY = "libc++";
				CLANG_ENABLE_OBJC_ARC = YES;
				CLANG_WARN_BOOL_CONVERSION = YES;
				CLANG_WARN_CONSTANT_CONVERSION = YES;
				CLANG_WARN_DIRECT_OBJC_ISA_USAGE = YES_ERROR;
				CLANG_WARN_EMPTY_BODY = YES;
				CLANG_WARN_ENUM_CONVERSION = YES;
				CLANG_WARN_INT_CONVERSION = YES;
				CLANG_WARN_OBJC_ROOT_CLASS = YES_ERROR;
				CLANG_WARN__DUPLICATE_METHOD_MATCH = YES;
				COPY_PHASE_STRIP = YES;
				DEBUG_INFORMATION_FORMAT = "dwarf-with-dsym";
				ENABLE_NS_ASSERTIONS = NO;
				GCC_C_LANGUAGE_STANDARD = gnu99;
				GCC_ENABLE_OBJC_EXCEPTIONS = YES;
				GCC_WARN_64_TO_32_BIT_CONVERSION = YES;
				GCC_WARN_ABOUT_RETURN_TYPE = YES_ERROR;
				GCC_WARN_UNDECLARED_SELECTOR = YES;
				GCC_WARN_UNINITIALIZED_AUTOS = YES;
				GCC_WARN_UNUSED_FUNCTION = YES;
				GCC_WARN_UNUSED_VARIABLE = YES;
				MACOSX_DEPLOYMENT_TARGET = 10.9;
				SDKROOT = macosx;
			};
			name = Release;
		};
		CBC0C0A51899A615005E2507 /* Debug */ = {
			isa = XCBuildConfiguration;
			buildSettings = {
				ASSETCATALOG_COMPILER_APPICON_NAME = AppIcon;
				COMBINE_HIDPI_IMAGES = YES;
				GCC_PRECOMPILE_PREFIX_HEADER = YES;
				GCC_PREFIX_HEADER = "Space/Space-Prefix.pch";
				INFOPLIST_FILE = "Space/Space-Info.plist";
				PRODUCT_NAME = "$(TARGET_NAME)";
				SPRITEKIT_TEXTURE_ATLAS_OUTPUT = YES;
				WRAPPER_EXTENSION = app;
			};
			name = Debug;
		};
		CBC0C0A61899A615005E2507 /* Release */ = {
			isa = XCBuildConfiguration;
			buildSettings = {
				ASSETCATALOG_COMPILER_APPICON_NAME = AppIcon;
				COMBINE_HIDPI_IMAGES = YES;
				GCC_PRECOMPILE_PREFIX_HEADER = YES;
				GCC_PREFIX_HEADER = "Space/Space-Prefix.pch";
				INFOPLIST_FILE = "Space/Space-Info.plist";
				PRODUCT_NAME = "$(TARGET_NAME)";
				SPRITEKIT_TEXTURE_ATLAS_OUTPUT = YES;
				WRAPPER_EXTENSION = app;
			};
			name = Release;
		};
		CBC0C0A81899A615005E2507 /* Debug */ = {
			isa = XCBuildConfiguration;
			buildSettings = {
				BUNDLE_LOADER = "$(BUILT_PRODUCTS_DIR)/Space.app/Contents/MacOS/Space";
				COMBINE_HIDPI_IMAGES = YES;
				FRAMEWORK_SEARCH_PATHS = (
					"$(DEVELOPER_FRAMEWORKS_DIR)",
					"$(inherited)",
				);
				GCC_PRECOMPILE_PREFIX_HEADER = YES;
				GCC_PREFIX_HEADER = "Space/Space-Prefix.pch";
				GCC_PREPROCESSOR_DEFINITIONS = (
					"DEBUG=1",
					"$(inherited)",
				);
				INFOPLIST_FILE = "SpaceTests/SpaceTests-Info.plist";
				PRODUCT_NAME = "$(TARGET_NAME)";
				TEST_HOST = "$(BUNDLE_LOADER)";
				WRAPPER_EXTENSION = xctest;
			};
			name = Debug;
		};
		CBC0C0A91899A615005E2507 /* Release */ = {
			isa = XCBuildConfiguration;
			buildSettings = {
				BUNDLE_LOADER = "$(BUILT_PRODUCTS_DIR)/Space.app/Contents/MacOS/Space";
				COMBINE_HIDPI_IMAGES = YES;
				FRAMEWORK_SEARCH_PATHS = (
					"$(DEVELOPER_FRAMEWORKS_DIR)",
					"$(inherited)",
				);
				GCC_PRECOMPILE_PREFIX_HEADER = YES;
				GCC_PREFIX_HEADER = "Space/Space-Prefix.pch";
				INFOPLIST_FILE = "SpaceTests/SpaceTests-Info.plist";
				PRODUCT_NAME = "$(TARGET_NAME)";
				TEST_HOST = "$(BUNDLE_LOADER)";
				WRAPPER_EXTENSION = xctest;
			};
			name = Release;
		};
/* End XCBuildConfiguration section */

/* Begin XCConfigurationList section */
		CBC0C0681899A615005E2507 /* Build configuration list for PBXProject "Space" */ = {
			isa = XCConfigurationList;
			buildConfigurations = (
				CBC0C0A21899A615005E2507 /* Debug */,
				CBC0C0A31899A615005E2507 /* Release */,
			);
			defaultConfigurationIsVisible = 0;
			defaultConfigurationName = Release;
		};
		CBC0C0A41899A615005E2507 /* Build configuration list for PBXNativeTarget "Space" */ = {
			isa = XCConfigurationList;
			buildConfigurations = (
				CBC0C0A51899A615005E2507 /* Debug */,
				CBC0C0A61899A615005E2507 /* Release */,
			);
			defaultConfigurationIsVisible = 0;
			defaultConfigurationName = Release;
		};
		CBC0C0A71899A615005E2507 /* Build configuration list for PBXNativeTarget "SpaceTests" */ = {
			isa = XCConfigurationList;
			buildConfigurations = (
				CBC0C0A81899A615005E2507 /* Debug */,
				CBC0C0A91899A615005E2507 /* Release */,
			);
			defaultConfigurationIsVisible = 0;
			defaultConfigurationName = Release;
		};
/* End XCConfigurationList section */
	};
	rootObject = CBC0C0651899A615005E2507 /* Project object */;
}
